
Microsoft Visual Studio Solution File, Format Version 12.00
# Visual Studio 15
VisualStudioVersion = 15.0.27703.2035
MinimumVisualStudioVersion = 10.0.40219.1
Project("{FAE04EC0-301F-11D3-BF4B-00C04F79EFBC}") = "ObservableProcess", "ObservableProcess\ObservableProcess.csproj", "{4A2A6D58-0EEE-4633-98E0-64EB25E29325}"
EndProject
Project("{FAE04EC0-301F-11D3-BF4B-00C04F79EFBC}") = "LoremIpsum", "LoremIpsum\LoremIpsum.csproj", "{C934C3DE-6597-4BCE-9F38-303ED74B16CC}"
EndProject
Project("{FAE04EC0-301F-11D3-BF4B-00C04F79EFBC}") = "Tests", "Tests\Tests.csproj", "{FF41F16C-AC0E-431E-BE56-BF3B2DB66279}"
EndProject
Global
	GlobalSection(SolutionConfigurationPlatforms) = preSolution
		Debug|Any CPU = Debug|Any CPU
		Release|Any CPU = Release|Any CPU
	EndGlobalSection
	GlobalSection(ProjectConfigurationPlatforms) = postSolution
		{4A2A6D58-0EEE-4633-98E0-64EB25E29325}.Debug|Any CPU.ActiveCfg = Release|Any CPU
		{4A2A6D58-0EEE-4633-98E0-64EB25E29325}.Debug|Any CPU.Build.0 = Release|Any CPU
		{4A2A6D58-0EEE-4633-98E0-64EB25E29325}.Release|Any CPU.ActiveCfg = Release|Any CPU
		{4A2A6D58-0EEE-4633-98E0-64EB25E29325}.Release|Any CPU.Build.0 = Release|Any CPU
		{C934C3DE-6597-4BCE-9F38-303ED74B16CC}.Debug|Any CPU.ActiveCfg = Release|Any CPU
		{C934C3DE-6597-4BCE-9F38-303ED74B16CC}.Debug|Any CPU.Build.0 = Release|Any CPU
		{C934C3DE-6597-4BCE-9F38-303ED74B16CC}.Release|Any CPU.ActiveCfg = Release|Any CPU
		{C934C3DE-6597-4BCE-9F38-303ED74B16CC}.Release|Any CPU.Build.0 = Release|Any CPU
		{FF41F16C-AC0E-431E-BE56-BF3B2DB66279}.Debug|Any CPU.ActiveCfg = Debug|Any CPU
		{FF41F16C-AC0E-431E-BE56-BF3B2DB66279}.Debug|Any CPU.Build.0 = Debug|Any CPU
		{FF41F16C-AC0E-431E-BE56-BF3B2DB66279}.Release|Any CPU.ActiveCfg = Release|Any CPU
		{FF41F16C-AC0E-431E-BE56-BF3B2DB66279}.Release|Any CPU.Build.0 = Release|Any CPU
	EndGlobalSection
	GlobalSection(SolutionProperties) = preSolution
		HideSolutionNode = FALSE
	EndGlobalSection
	GlobalSection(ExtensibilityGlobals) = postSolution
		SolutionGuid = {86999E78-9372-4907-BB3C-4AF7F780828F}
	EndGlobalSection
EndGlobal
