
Microsoft Visual Studio Solution File, Format Version 12.00
# Visual Studio Version 16
VisualStudioVersion = 16.0.29230.61
MinimumVisualStudioVersion = 10.0.40219.1
Project("{9A19103F-16F7-4668-BE54-9A1E7A4F7556}") = "ProcessObservable", "ProcessObservable\ProcessObservable.csproj", "{2A3C3CC3-65FA-40C9-B83F-8254855AC81A}"
EndProject
Project("{FAE04EC0-301F-11D3-BF4B-00C04F79EFBC}") = "Ipsum", "Ipsum\Ipsum.csproj", "{15B4A30A-E59A-4148-BB61-2AA7E5DFA348}"
EndProject
Project("{FAE04EC0-301F-11D3-BF4B-00C04F79EFBC}") = "ProcessObservable.Test", "ProcessObservable.Test\ProcessObservable.Test.csproj", "{4A1D6FFD-74ED-4CF7-8CC2-416B3059A8BC}"
EndProject
Global
	GlobalSection(SolutionConfigurationPlatforms) = preSolution
		Debug|Any CPU = Debug|Any CPU
		Release|Any CPU = Release|Any CPU
	EndGlobalSection
	GlobalSection(ProjectConfigurationPlatforms) = postSolution
		{2A3C3CC3-65FA-40C9-B83F-8254855AC81A}.Debug|Any CPU.ActiveCfg = Debug|Any CPU
		{2A3C3CC3-65FA-40C9-B83F-8254855AC81A}.Debug|Any CPU.Build.0 = Debug|Any CPU
		{2A3C3CC3-65FA-40C9-B83F-8254855AC81A}.Release|Any CPU.ActiveCfg = Release|Any CPU
		{2A3C3CC3-65FA-40C9-B83F-8254855AC81A}.Release|Any CPU.Build.0 = Release|Any CPU
		{15B4A30A-E59A-4148-BB61-2AA7E5DFA348}.Debug|Any CPU.ActiveCfg = Debug|Any CPU
		{15B4A30A-E59A-4148-BB61-2AA7E5DFA348}.Debug|Any CPU.Build.0 = Debug|Any CPU
		{15B4A30A-E59A-4148-BB61-2AA7E5DFA348}.Release|Any CPU.ActiveCfg = Release|Any CPU
		{15B4A30A-E59A-4148-BB61-2AA7E5DFA348}.Release|Any CPU.Build.0 = Release|Any CPU
		{4A1D6FFD-74ED-4CF7-8CC2-416B3059A8BC}.Debug|Any CPU.ActiveCfg = Debug|Any CPU
		{4A1D6FFD-74ED-4CF7-8CC2-416B3059A8BC}.Debug|Any CPU.Build.0 = Debug|Any CPU
		{4A1D6FFD-74ED-4CF7-8CC2-416B3059A8BC}.Release|Any CPU.ActiveCfg = Release|Any CPU
		{4A1D6FFD-74ED-4CF7-8CC2-416B3059A8BC}.Release|Any CPU.Build.0 = Release|Any CPU
	EndGlobalSection
	GlobalSection(SolutionProperties) = preSolution
		HideSolutionNode = FALSE
	EndGlobalSection
	GlobalSection(ExtensibilityGlobals) = postSolution
		SolutionGuid = {86999E78-9372-4907-BB3C-4AF7F780828F}
	EndGlobalSection
EndGlobal
